
Microsoft Visual Studio Solution File, Format Version 12.00
# Visual Studio Version 16
VisualStudioVersion = 16.0.31424.327
MinimumVisualStudioVersion = 10.0.40219.1
Project("{FAE04EC0-301F-11D3-BF4B-00C04F79EFBC}") = "FileNameCleaner", "FileNameCleaner.csproj", "{C29600E9-E152-49AA-8D9C-6C8399F90225}"
EndProject
Project("{2150E333-8FDC-42A3-9474-1A3956D46DE8}") = "Solution Items", "Solution Items", "{44FE1AE2-5968-47AB-BF45-431EE5D19C84}"
	ProjectSection(SolutionItems) = preProject
		README.md = README.md
	EndProjectSection
EndProject
Global
	GlobalSection(SolutionConfigurationPlatforms) = preSolution
		Debug|Any CPU = Debug|Any CPU
		Release|Any CPU = Release|Any CPU
	EndGlobalSection
	GlobalSection(ProjectConfigurationPlatforms) = postSolution
		{C29600E9-E152-49AA-8D9C-6C8399F90225}.Debug|Any CPU.ActiveCfg = Debug|Any CPU
		{C29600E9-E152-49AA-8D9C-6C8399F90225}.Debug|Any CPU.Build.0 = Debug|Any CPU
		{C29600E9-E152-49AA-8D9C-6C8399F90225}.Release|Any CPU.ActiveCfg = Release|Any CPU
		{C29600E9-E152-49AA-8D9C-6C8399F90225}.Release|Any CPU.Build.0 = Release|Any CPU
	EndGlobalSection
	GlobalSection(SolutionProperties) = preSolution
		HideSolutionNode = FALSE
	EndGlobalSection
	GlobalSection(ExtensibilityGlobals) = postSolution
		SolutionGuid = {7FE76943-E842-45F2-97A0-D60C3F28ABCB}
	EndGlobalSection
EndGlobal
